
Microsoft Visual Studio Solution File, Format Version 12.00
# Visual Studio 15
VisualStudioVersion = 15.0.27130.0
MinimumVisualStudioVersion = 10.0.40219.1
Project("{8BC9CEB8-8B4A-11D0-8D11-00A0C91BC942}") = "testgit", "testgit\testgit.vcxproj", "{6A4E7847-56F3-478F-8B22-A8801EE03AEC}"
EndProject
Global
	GlobalSection(SolutionConfigurationPlatforms) = preSolution
		Debug|x64 = Debug|x64
		Debug|x86 = Debug|x86
		Release|x64 = Release|x64
		Release|x86 = Release|x86
	EndGlobalSection
	GlobalSection(ProjectConfigurationPlatforms) = postSolution
		{6A4E7847-56F3-478F-8B22-A8801EE03AEC}.Debug|x64.ActiveCfg = Debug|x64
		{6A4E7847-56F3-478F-8B22-A8801EE03AEC}.Debug|x64.Build.0 = Debug|x64
		{6A4E7847-56F3-478F-8B22-A8801EE03AEC}.Debug|x86.ActiveCfg = Debug|Win32
		{6A4E7847-56F3-478F-8B22-A8801EE03AEC}.Debug|x86.Build.0 = Debug|Win32
		{6A4E7847-56F3-478F-8B22-A8801EE03AEC}.Release|x64.ActiveCfg = Release|x64
		{6A4E7847-56F3-478F-8B22-A8801EE03AEC}.Release|x64.Build.0 = Release|x64
		{6A4E7847-56F3-478F-8B22-A8801EE03AEC}.Release|x86.ActiveCfg = Release|Win32
		{6A4E7847-56F3-478F-8B22-A8801EE03AEC}.Release|x86.Build.0 = Release|Win32
	EndGlobalSection
	GlobalSection(SolutionProperties) = preSolution
		HideSolutionNode = FALSE
	EndGlobalSection
	GlobalSection(ExtensibilityGlobals) = postSolution
		SolutionGuid = {2648EF10-E6A2-438B-8B3D-83CAB9B6587E}
	EndGlobalSection
EndGlobal
